
Microsoft Visual Studio Solution File, Format Version 12.00
# Visual Studio Version 17
VisualStudioVersion = 17.8.34525.116
MinimumVisualStudioVersion = 10.0.40219.1
Project("{888888A0-9F3D-457C-B088-3A5042F75D52}") = "Flappy", "Flappy\Flappy.pyproj", "{ED567D7B-C630-40F5-9AD4-9072E4EB71D8}"
EndProject
Global
	GlobalSection(SolutionConfigurationPlatforms) = preSolution
		Debug|Any CPU = Debug|Any CPU
		Release|Any CPU = Release|Any CPU
	EndGlobalSection
	GlobalSection(ProjectConfigurationPlatforms) = postSolution
		{ED567D7B-C630-40F5-9AD4-9072E4EB71D8}.Debug|Any CPU.ActiveCfg = Debug|Any CPU
		{ED567D7B-C630-40F5-9AD4-9072E4EB71D8}.Release|Any CPU.ActiveCfg = Release|Any CPU
	EndGlobalSection
	GlobalSection(SolutionProperties) = preSolution
		HideSolutionNode = FALSE
	EndGlobalSection
	GlobalSection(ExtensibilityGlobals) = postSolution
		SolutionGuid = {91BCD670-C604-4917-941B-C22A684CAA6B}
	EndGlobalSection
EndGlobal
